// !$*UTF8*$!
{
	archiveVersion = 1;
	classes = {
	};
	objectVersion = 55;
	objects = {

/* Begin PBXBuildFile section */
		720890CA27E1D77B0096B98A /* AppDelegate.swift in Sources */ = {isa = PBXBuildFile; fileRef = 720890C927E1D77B0096B98A /* AppDelegate.swift */; };
		720890CC27E1D77B0096B98A /* SceneDelegate.swift in Sources */ = {isa = PBXBuildFile; fileRef = 720890CB27E1D77B0096B98A /* SceneDelegate.swift */; };
		720890CE27E1D77B0096B98A /* OverviewViewController.swift in Sources */ = {isa = PBXBuildFile; fileRef = 720890CD27E1D77B0096B98A /* OverviewViewController.swift */; };
		720890D127E1D77B0096B98A /* Main.storyboard in Resources */ = {isa = PBXBuildFile; fileRef = 720890CF27E1D77B0096B98A /* Main.storyboard */; };
		720890D327E1D77C0096B98A /* Assets.xcassets in Resources */ = {isa = PBXBuildFile; fileRef = 720890D227E1D77C0096B98A /* Assets.xcassets */; };
		720890D627E1D77C0096B98A /* LaunchScreen.storyboard in Resources */ = {isa = PBXBuildFile; fileRef = 720890D427E1D77C0096B98A /* LaunchScreen.storyboard */; };
		720890E027E1D9A50096B98A /* CocoaMQTT in Frameworks */ = {isa = PBXBuildFile; productRef = 720890DF27E1D9A50096B98A /* CocoaMQTT */; };
		720890E627E1DA630096B98A /* OverviewTableViewCell.swift in Sources */ = {isa = PBXBuildFile; fileRef = 720890E427E1DA630096B98A /* OverviewTableViewCell.swift */; };
		720890E727E1DA630096B98A /* OverviewTableViewCell.xib in Resources */ = {isa = PBXBuildFile; fileRef = 720890E527E1DA630096B98A /* OverviewTableViewCell.xib */; };
/* End PBXBuildFile section */

/* Begin PBXFileReference section */
		720890C627E1D77B0096B98A /* SHARE22_ios_mqtt.app */ = {isa = PBXFileReference; explicitFileType = wrapper.application; includeInIndex = 0; path = SHARE22_ios_mqtt.app; sourceTree = BUILT_PRODUCTS_DIR; };
		720890C927E1D77B0096B98A /* AppDelegate.swift */ = {isa = PBXFileReference; lastKnownFileType = sourcecode.swift; path = AppDelegate.swift; sourceTree = "<group>"; };
		720890CB27E1D77B0096B98A /* SceneDelegate.swift */ = {isa = PBXFileReference; lastKnownFileType = sourcecode.swift; path = SceneDelegate.swift; sourceTree = "<group>"; };
		720890CD27E1D77B0096B98A /* OverviewViewController.swift */ = {isa = PBXFileReference; lastKnownFileType = sourcecode.swift; path = OverviewViewController.swift; sourceTree = "<group>"; };
		720890D027E1D77B0096B98A /* Base */ = {isa = PBXFileReference; lastKnownFileType = file.storyboard; name = Base; path = Base.lproj/Main.storyboard; sourceTree = "<group>"; };
		720890D227E1D77C0096B98A /* Assets.xcassets */ = {isa = PBXFileReference; lastKnownFileType = folder.assetcatalog; path = Assets.xcassets; sourceTree = "<group>"; };
		720890D527E1D77C0096B98A /* Base */ = {isa = PBXFileReference; lastKnownFileType = file.storyboard; name = Base; path = Base.lproj/LaunchScreen.storyboard; sourceTree = "<group>"; };
		720890D727E1D77C0096B98A /* Info.plist */ = {isa = PBXFileReference; lastKnownFileType = text.plist.xml; path = Info.plist; sourceTree = "<group>"; };
		720890E427E1DA630096B98A /* OverviewTableViewCell.swift */ = {isa = PBXFileReference; lastKnownFileType = sourcecode.swift; path = OverviewTableViewCell.swift; sourceTree = "<group>"; };
		720890E527E1DA630096B98A /* OverviewTableViewCell.xib */ = {isa = PBXFileReference; lastKnownFileType = file.xib; path = OverviewTableViewCell.xib; sourceTree = "<group>"; };
/* End PBXFileReference section */

/* Begin PBXFrameworksBuildPhase section */
		720890C327E1D77B0096B98A /* Frameworks */ = {
			isa = PBXFrameworksBuildPhase;
			buildActionMask = 2147483647;
			files = (
				720890E027E1D9A50096B98A /* CocoaMQTT in Frameworks */,
			);
			runOnlyForDeploymentPostprocessing = 0;
		};
/* End PBXFrameworksBuildPhase section */

/* Begin PBXGroup section */
		720890BD27E1D77B0096B98A = {
			isa = PBXGroup;
			children = (
				720890C827E1D77B0096B98A /* SHARE22_ios_mqtt */,
				720890C727E1D77B0096B98A /* Products */,
			);
			sourceTree = "<group>";
		};
		720890C727E1D77B0096B98A /* Products */ = {
			isa = PBXGroup;
			children = (
				720890C627E1D77B0096B98A /* SHARE22_ios_mqtt.app */,
			);
			name = Products;
			sourceTree = "<group>";
		};
		720890C827E1D77B0096B98A /* SHARE22_ios_mqtt */ = {
			isa = PBXGroup;
			children = (
				720890DD27E1D8D70096B98A /* App */,
				720890E127E1DA1A0096B98A /* Scenes */,
				720890CF27E1D77B0096B98A /* Main.storyboard */,
				720890D227E1D77C0096B98A /* Assets.xcassets */,
				720890D427E1D77C0096B98A /* LaunchScreen.storyboard */,
				720890D727E1D77C0096B98A /* Info.plist */,
			);
			path = SHARE22_ios_mqtt;
			sourceTree = "<group>";
		};
		720890DD27E1D8D70096B98A /* App */ = {
			isa = PBXGroup;
			children = (
				720890C927E1D77B0096B98A /* AppDelegate.swift */,
				720890CB27E1D77B0096B98A /* SceneDelegate.swift */,
			);
			path = App;
			sourceTree = "<group>";
		};
		720890E127E1DA1A0096B98A /* Scenes */ = {
			isa = PBXGroup;
			children = (
				720890E227E1DA2A0096B98A /* Overview */,
			);
			path = Scenes;
			sourceTree = "<group>";
		};
		720890E227E1DA2A0096B98A /* Overview */ = {
			isa = PBXGroup;
			children = (
				720890E327E1DA3C0096B98A /* Cell */,
				720890CD27E1D77B0096B98A /* OverviewViewController.swift */,
			);
			path = Overview;
			sourceTree = "<group>";
		};
		720890E327E1DA3C0096B98A /* Cell */ = {
			isa = PBXGroup;
			children = (
				720890E427E1DA630096B98A /* OverviewTableViewCell.swift */,
				720890E527E1DA630096B98A /* OverviewTableViewCell.xib */,
			);
			path = Cell;
			sourceTree = "<group>";
		};
/* End PBXGroup section */

/* Begin PBXNativeTarget section */
		720890C527E1D77B0096B98A /* SHARE22_ios_mqtt */ = {
			isa = PBXNativeTarget;
			buildConfigurationList = 720890DA27E1D77C0096B98A /* Build configuration list for PBXNativeTarget "SHARE22_ios_mqtt" */;
			buildPhases = (
				720890C227E1D77B0096B98A /* Sources */,
				720890C327E1D77B0096B98A /* Frameworks */,
				720890C427E1D77B0096B98A /* Resources */,
			);
			buildRules = (
			);
			dependencies = (
			);
			name = SHARE22_ios_mqtt;
			packageProductDependencies = (
				720890DF27E1D9A50096B98A /* CocoaMQTT */,
			);
			productName = SHARE22_ios_mqtt;
			productReference = 720890C627E1D77B0096B98A /* SHARE22_ios_mqtt.app */;
			productType = "com.apple.product-type.application";
		};
/* End PBXNativeTarget section */

/* Begin PBXProject section */
		720890BE27E1D77B0096B98A /* Project object */ = {
			isa = PBXProject;
			attributes = {
				BuildIndependentTargetsInParallel = 1;
				LastSwiftUpdateCheck = 1330;
				LastUpgradeCheck = 1330;
				TargetAttributes = {
					720890C527E1D77B0096B98A = {
						CreatedOnToolsVersion = 13.3;
					};
				};
			};
			buildConfigurationList = 720890C127E1D77B0096B98A /* Build configuration list for PBXProject "SHARE22_ios_mqtt" */;
			compatibilityVersion = "Xcode 13.0";
			developmentRegion = en;
			hasScannedForEncodings = 0;
			knownRegions = (
				en,
				Base,
			);
			mainGroup = 720890BD27E1D77B0096B98A;
			packageReferences = (
				720890DE27E1D9A50096B98A /* XCRemoteSwiftPackageReference "CocoaMQTT" */,
			);
			productRefGroup = 720890C727E1D77B0096B98A /* Products */;
			projectDirPath = "";
			projectRoot = "";
			targets = (
				720890C527E1D77B0096B98A /* SHARE22_ios_mqtt */,
			);
		};
/* End PBXProject section */

/* Begin PBXResourcesBuildPhase section */
		720890C427E1D77B0096B98A /* Resources */ = {
			isa = PBXResourcesBuildPhase;
			buildActionMask = 2147483647;
			files = (
				720890E727E1DA630096B98A /* OverviewTableViewCell.xib in Resources */,
				720890D627E1D77C0096B98A /* LaunchScreen.storyboard in Resources */,
				720890D327E1D77C0096B98A /* Assets.xcassets in Resources */,
				720890D127E1D77B0096B98A /* Main.storyboard in Resources */,
			);
			runOnlyForDeploymentPostprocessing = 0;
		};
/* End PBXResourcesBuildPhase section */

/* Begin PBXSourcesBuildPhase section */
		720890C227E1D77B0096B98A /* Sources */ = {
			isa = PBXSourcesBuildPhase;
			buildActionMask = 2147483647;
			files = (
				720890E627E1DA630096B98A /* OverviewTableViewCell.swift in Sources */,
				720890CE27E1D77B0096B98A /* OverviewViewController.swift in Sources */,
				720890CA27E1D77B0096B98A /* AppDelegate.swift in Sources */,
				720890CC27E1D77B0096B98A /* SceneDelegate.swift in Sources */,
			);
			runOnlyForDeploymentPostprocessing = 0;
		};
/* End PBXSourcesBuildPhase section */

/* Begin PBXVariantGroup section */
		720890CF27E1D77B0096B98A /* Main.storyboard */ = {
			isa = PBXVariantGroup;
			children = (
				720890D027E1D77B0096B98A /* Base */,
			);
			name = Main.storyboard;
			sourceTree = "<group>";
		};
		720890D427E1D77C0096B98A /* LaunchScreen.storyboard */ = {
			isa = PBXVariantGroup;
			children = (
				720890D527E1D77C0096B98A /* Base */,
			);
			name = LaunchScreen.storyboard;
			sourceTree = "<group>";
		};
/* End PBXVariantGroup section */

/* Begin XCBuildConfiguration section */
		720890D827E1D77C0096B98A /* Debug */ = {
			isa = XCBuildConfiguration;
			buildSettings = {
				ALWAYS_SEARCH_USER_PATHS = NO;
				CLANG_ANALYZER_NONNULL = YES;
				CLANG_ANALYZER_NUMBER_OBJECT_CONVERSION = YES_AGGRESSIVE;
				CLANG_CXX_LANGUAGE_STANDARD = "gnu++17";
				CLANG_ENABLE_MODULES = YES;
				CLANG_ENABLE_OBJC_ARC = YES;
				CLANG_ENABLE_OBJC_WEAK = YES;
				CLANG_WARN_BLOCK_CAPTURE_AUTORELEASING = YES;
				CLANG_WARN_BOOL_CONVERSION = YES;
				CLANG_WARN_COMMA = YES;
				CLANG_WARN_CONSTANT_CONVERSION = YES;
				CLANG_WARN_DEPRECATED_OBJC_IMPLEMENTATIONS = YES;
				CLANG_WARN_DIRECT_OBJC_ISA_USAGE = YES_ERROR;
				CLANG_WARN_DOCUMENTATION_COMMENTS = YES;
				CLANG_WARN_EMPTY_BODY = YES;
				CLANG_WARN_ENUM_CONVERSION = YES;
				CLANG_WARN_INFINITE_RECURSION = YES;
				CLANG_WARN_INT_CONVERSION = YES;
				CLANG_WARN_NON_LITERAL_NULL_CONVERSION = YES;
				CLANG_WARN_OBJC_IMPLICIT_RETAIN_SELF = YES;
				CLANG_WARN_OBJC_LITERAL_CONVERSION = YES;
				CLANG_WARN_OBJC_ROOT_CLASS = YES_ERROR;
				CLANG_WARN_QUOTED_INCLUDE_IN_FRAMEWORK_HEADER = YES;
				CLANG_WARN_RANGE_LOOP_ANALYSIS = YES;
				CLANG_WARN_STRICT_PROTOTYPES = YES;
				CLANG_WARN_SUSPICIOUS_MOVE = YES;
				CLANG_WARN_UNGUARDED_AVAILABILITY = YES_AGGRESSIVE;
				CLANG_WARN_UNREACHABLE_CODE = YES;
				CLANG_WARN__DUPLICATE_METHOD_MATCH = YES;
				COPY_PHASE_STRIP = NO;
				DEBUG_INFORMATION_FORMAT = dwarf;
				ENABLE_STRICT_OBJC_MSGSEND = YES;
				ENABLE_TESTABILITY = YES;
				GCC_C_LANGUAGE_STANDARD = gnu11;
				GCC_DYNAMIC_NO_PIC = NO;
				GCC_NO_COMMON_BLOCKS = YES;
				GCC_OPTIMIZATION_LEVEL = 0;
				GCC_PREPROCESSOR_DEFINITIONS = (
					"DEBUG=1",
					"$(inherited)",
				);
				GCC_WARN_64_TO_32_BIT_CONVERSION = YES;
				GCC_WARN_ABOUT_RETURN_TYPE = YES_ERROR;
				GCC_WARN_UNDECLARED_SELECTOR = YES;
				GCC_WARN_UNINITIALIZED_AUTOS = YES_AGGRESSIVE;
				GCC_WARN_UNUSED_FUNCTION = YES;
				GCC_WARN_UNUSED_VARIABLE = YES;
				IPHONEOS_DEPLOYMENT_TARGET = 15.4;
				MTL_ENABLE_DEBUG_INFO = INCLUDE_SOURCE;
				MTL_FAST_MATH = YES;
				ONLY_ACTIVE_ARCH = YES;
				SDKROOT = iphoneos;
				SWIFT_ACTIVE_COMPILATION_CONDITIONS = DEBUG;
				SWIFT_OPTIMIZATION_LEVEL = "-Onone";
			};
			name = Debug;
		};
		720890D927E1D77C0096B98A /* Release */ = {
			isa = XCBuildConfiguration;
			buildSettings = {
				ALWAYS_SEARCH_USER_PATHS = NO;
				CLANG_ANALYZER_NONNULL = YES;
				CLANG_ANALYZER_NUMBER_OBJECT_CONVERSION = YES_AGGRESSIVE;
				CLANG_CXX_LANGUAGE_STANDARD = "gnu++17";
				CLANG_ENABLE_MODULES = YES;
				CLANG_ENABLE_OBJC_ARC = YES;
				CLANG_ENABLE_OBJC_WEAK = YES;
				CLANG_WARN_BLOCK_CAPTURE_AUTORELEASING = YES;
				CLANG_WARN_BOOL_CONVERSION = YES;
				CLANG_WARN_COMMA = YES;
				CLANG_WARN_CONSTANT_CONVERSION = YES;
				CLANG_WARN_DEPRECATED_OBJC_IMPLEMENTATIONS = YES;
				CLANG_WARN_DIRECT_OBJC_ISA_USAGE = YES_ERROR;
				CLANG_WARN_DOCUMENTATION_COMMENTS = YES;
				CLANG_WARN_EMPTY_BODY = YES;
				CLANG_WARN_ENUM_CONVERSION = YES;
				CLANG_WARN_INFINITE_RECURSION = YES;
				CLANG_WARN_INT_CONVERSION = YES;
				CLANG_WARN_NON_LITERAL_NULL_CONVERSION = YES;
				CLANG_WARN_OBJC_IMPLICIT_RETAIN_SELF = YES;
				CLANG_WARN_OBJC_LITERAL_CONVERSION = YES;
				CLANG_WARN_OBJC_ROOT_CLASS = YES_ERROR;
				CLANG_WARN_QUOTED_INCLUDE_IN_FRAMEWORK_HEADER = YES;
				CLANG_WARN_RANGE_LOOP_ANALYSIS = YES;
				CLANG_WARN_STRICT_PROTOTYPES = YES;
				CLANG_WARN_SUSPICIOUS_MOVE = YES;
				CLANG_WARN_UNGUARDED_AVAILABILITY = YES_AGGRESSIVE;
				CLANG_WARN_UNREACHABLE_CODE = YES;
				CLANG_WARN__DUPLICATE_METHOD_MATCH = YES;
				COPY_PHASE_STRIP = NO;
				DEBUG_INFORMATION_FORMAT = "dwarf-with-dsym";
				ENABLE_NS_ASSERTIONS = NO;
				ENABLE_STRICT_OBJC_MSGSEND = YES;
				GCC_C_LANGUAGE_STANDARD = gnu11;
				GCC_NO_COMMON_BLOCKS = YES;
				GCC_WARN_64_TO_32_BIT_CONVERSION = YES;
				GCC_WARN_ABOUT_RETURN_TYPE = YES_ERROR;
				GCC_WARN_UNDECLARED_SELECTOR = YES;
				GCC_WARN_UNINITIALIZED_AUTOS = YES_AGGRESSIVE;
				GCC_WARN_UNUSED_FUNCTION = YES;
				GCC_WARN_UNUSED_VARIABLE = YES;
				IPHONEOS_DEPLOYMENT_TARGET = 15.4;
				MTL_ENABLE_DEBUG_INFO = NO;
				MTL_FAST_MATH = YES;
				SDKROOT = iphoneos;
				SWIFT_COMPILATION_MODE = wholemodule;
				SWIFT_OPTIMIZATION_LEVEL = "-O";
				VALIDATE_PRODUCT = YES;
			};
			name = Release;
		};
		720890DB27E1D77C0096B98A /* Debug */ = {
			isa = XCBuildConfiguration;
			buildSettings = {
				ASSETCATALOG_COMPILER_APPICON_NAME = AppIcon;
				ASSETCATALOG_COMPILER_GLOBAL_ACCENT_COLOR_NAME = AccentColor;
				CODE_SIGN_STYLE = Automatic;
				CURRENT_PROJECT_VERSION = 1;
				DEVELOPMENT_TEAM = N66SZ9L2U2;
				GENERATE_INFOPLIST_FILE = YES;
				INFOPLIST_FILE = SHARE22_ios_mqtt/Info.plist;
				INFOPLIST_KEY_UIApplicationSupportsIndirectInputEvents = YES;
				INFOPLIST_KEY_UILaunchStoryboardName = LaunchScreen;
				INFOPLIST_KEY_UIMainStoryboardFile = Main;
				INFOPLIST_KEY_UISupportedInterfaceOrientations_iPad = "UIInterfaceOrientationPortrait UIInterfaceOrientationPortraitUpsideDown UIInterfaceOrientationLandscapeLeft UIInterfaceOrientationLandscapeRight";
				INFOPLIST_KEY_UISupportedInterfaceOrientations_iPhone = "UIInterfaceOrientationPortrait UIInterfaceOrientationLandscapeLeft UIInterfaceOrientationLandscapeRight";
				LD_RUNPATH_SEARCH_PATHS = (
					"$(inherited)",
					"@executable_path/Frameworks",
				);
				MARKETING_VERSION = 1.0;
				PRODUCT_BUNDLE_IDENTIFIER = "com.martijn.SHARE22-ios-mqtt";
				PRODUCT_NAME = "$(TARGET_NAME)";
				SWIFT_EMIT_LOC_STRINGS = YES;
				SWIFT_VERSION = 5.0;
				TARGETED_DEVICE_FAMILY = "1,2";
			};
			name = Debug;
		};
		720890DC27E1D77C0096B98A /* Release */ = {
			isa = XCBuildConfiguration;
			buildSettings = {
				ASSETCATALOG_COMPILER_APPICON_NAME = AppIcon;
				ASSETCATALOG_COMPILER_GLOBAL_ACCENT_COLOR_NAME = AccentColor;
				CODE_SIGN_STYLE = Automatic;
				CURRENT_PROJECT_VERSION = 1;
				DEVELOPMENT_TEAM = N66SZ9L2U2;
				GENERATE_INFOPLIST_FILE = YES;
				INFOPLIST_FILE = SHARE22_ios_mqtt/Info.plist;
				INFOPLIST_KEY_UIApplicationSupportsIndirectInputEvents = YES;
				INFOPLIST_KEY_UILaunchStoryboardName = LaunchScreen;
				INFOPLIST_KEY_UIMainStoryboardFile = Main;
				INFOPLIST_KEY_UISupportedInterfaceOrientations_iPad = "UIInterfaceOrientationPortrait UIInterfaceOrientationPortraitUpsideDown UIInterfaceOrientationLandscapeLeft UIInterfaceOrientationLandscapeRight";
				INFOPLIST_KEY_UISupportedInterfaceOrientations_iPhone = "UIInterfaceOrientationPortrait UIInterfaceOrientationLandscapeLeft UIInterfaceOrientationLandscapeRight";
				LD_RUNPATH_SEARCH_PATHS = (
					"$(inherited)",
					"@executable_path/Frameworks",
				);
				MARKETING_VERSION = 1.0;
				PRODUCT_BUNDLE_IDENTIFIER = "com.martijn.SHARE22-ios-mqtt";
				PRODUCT_NAME = "$(TARGET_NAME)";
				SWIFT_EMIT_LOC_STRINGS = YES;
				SWIFT_VERSION = 5.0;
				TARGETED_DEVICE_FAMILY = "1,2";
			};
			name = Release;
		};
/* End XCBuildConfiguration section */

/* Begin XCConfigurationList section */
		720890C127E1D77B0096B98A /* Build configuration list for PBXProject "SHARE22_ios_mqtt" */ = {
			isa = XCConfigurationList;
			buildConfigurations = (
				720890D827E1D77C0096B98A /* Debug */,
				720890D927E1D77C0096B98A /* Release */,
			);
			defaultConfigurationIsVisible = 0;
			defaultConfigurationName = Release;
		};
		720890DA27E1D77C0096B98A /* Build configuration list for PBXNativeTarget "SHARE22_ios_mqtt" */ = {
			isa = XCConfigurationList;
			buildConfigurations = (
				720890DB27E1D77C0096B98A /* Debug */,
				720890DC27E1D77C0096B98A /* Release */,
			);
			defaultConfigurationIsVisible = 0;
			defaultConfigurationName = Release;
		};
/* End XCConfigurationList section */

/* Begin XCRemoteSwiftPackageReference section */
		720890DE27E1D9A50096B98A /* XCRemoteSwiftPackageReference "CocoaMQTT" */ = {
			isa = XCRemoteSwiftPackageReference;
			repositoryURL = "https://github.com/emqx/CocoaMQTT";
			requirement = {
				kind = exactVersion;
				version = 2.0.1;
			};
		};
/* End XCRemoteSwiftPackageReference section */

/* Begin XCSwiftPackageProductDependency section */
		720890DF27E1D9A50096B98A /* CocoaMQTT */ = {
			isa = XCSwiftPackageProductDependency;
			package = 720890DE27E1D9A50096B98A /* XCRemoteSwiftPackageReference "CocoaMQTT" */;
			productName = CocoaMQTT;
		};
/* End XCSwiftPackageProductDependency section */
	};
	rootObject = 720890BE27E1D77B0096B98A /* Project object */;
}
